
Microsoft Visual Studio Solution File, Format Version 12.00
# Visual Studio Version 17
VisualStudioVersion = 17.3.32804.467
MinimumVisualStudioVersion = 10.0.40219.1
Project("{8BC9CEB8-8B4A-11D0-8D11-00A0C91BC942}") = "det_calc_2.0", "det_calc_2.0.vcxproj", "{785E993C-3B3D-4CCF-A163-D9DCEB26DFF9}"
EndProject
Global
	GlobalSection(SolutionConfigurationPlatforms) = preSolution
		Debug|x64 = Debug|x64
		Debug|x86 = Debug|x86
		Release|x64 = Release|x64
		Release|x86 = Release|x86
	EndGlobalSection
	GlobalSection(ProjectConfigurationPlatforms) = postSolution
		{785E993C-3B3D-4CCF-A163-D9DCEB26DFF9}.Debug|x64.ActiveCfg = Debug|x64
		{785E993C-3B3D-4CCF-A163-D9DCEB26DFF9}.Debug|x64.Build.0 = Debug|x64
		{785E993C-3B3D-4CCF-A163-D9DCEB26DFF9}.Debug|x86.ActiveCfg = Debug|Win32
		{785E993C-3B3D-4CCF-A163-D9DCEB26DFF9}.Debug|x86.Build.0 = Debug|Win32
		{785E993C-3B3D-4CCF-A163-D9DCEB26DFF9}.Release|x64.ActiveCfg = Release|x64
		{785E993C-3B3D-4CCF-A163-D9DCEB26DFF9}.Release|x64.Build.0 = Release|x64
		{785E993C-3B3D-4CCF-A163-D9DCEB26DFF9}.Release|x86.ActiveCfg = Release|Win32
		{785E993C-3B3D-4CCF-A163-D9DCEB26DFF9}.Release|x86.Build.0 = Release|Win32
	EndGlobalSection
	GlobalSection(SolutionProperties) = preSolution
		HideSolutionNode = FALSE
	EndGlobalSection
	GlobalSection(ExtensibilityGlobals) = postSolution
		SolutionGuid = {3AE31776-CD07-4A8F-AB64-54696C8A71E6}
	EndGlobalSection
EndGlobal
