
Microsoft Visual Studio Solution File, Format Version 12.00
# Visual Studio Version 17
VisualStudioVersion = 17.3.32804.467
MinimumVisualStudioVersion = 10.0.40219.1
Project("{8BC9CEB8-8B4A-11D0-8D11-00A0C91BC942}") = "数的划分", "数的划分.vcxproj", "{CBEF871D-BD11-4504-BC3A-A0E82F614088}"
EndProject
Global
	GlobalSection(SolutionConfigurationPlatforms) = preSolution
		Debug|x64 = Debug|x64
		Debug|x86 = Debug|x86
		Release|x64 = Release|x64
		Release|x86 = Release|x86
	EndGlobalSection
	GlobalSection(ProjectConfigurationPlatforms) = postSolution
		{CBEF871D-BD11-4504-BC3A-A0E82F614088}.Debug|x64.ActiveCfg = Debug|x64
		{CBEF871D-BD11-4504-BC3A-A0E82F614088}.Debug|x64.Build.0 = Debug|x64
		{CBEF871D-BD11-4504-BC3A-A0E82F614088}.Debug|x86.ActiveCfg = Debug|Win32
		{CBEF871D-BD11-4504-BC3A-A0E82F614088}.Debug|x86.Build.0 = Debug|Win32
		{CBEF871D-BD11-4504-BC3A-A0E82F614088}.Release|x64.ActiveCfg = Release|x64
		{CBEF871D-BD11-4504-BC3A-A0E82F614088}.Release|x64.Build.0 = Release|x64
		{CBEF871D-BD11-4504-BC3A-A0E82F614088}.Release|x86.ActiveCfg = Release|Win32
		{CBEF871D-BD11-4504-BC3A-A0E82F614088}.Release|x86.Build.0 = Release|Win32
	EndGlobalSection
	GlobalSection(SolutionProperties) = preSolution
		HideSolutionNode = FALSE
	EndGlobalSection
	GlobalSection(ExtensibilityGlobals) = postSolution
		SolutionGuid = {07EF73A5-AAAD-4B1F-8BD0-B4111AA75CEE}
	EndGlobalSection
EndGlobal
