
Microsoft Visual Studio Solution File, Format Version 12.00
# Visual Studio Version 17
VisualStudioVersion = 17.3.32804.467
MinimumVisualStudioVersion = 10.0.40219.1
Project("{8BC9CEB8-8B4A-11D0-8D11-00A0C91BC942}") = "好学的小明", "好学的小明\好学的小明.vcxproj", "{8A5249A1-005A-4D01-B4B4-FD0CA3F7328C}"
EndProject
Global
	GlobalSection(SolutionConfigurationPlatforms) = preSolution
		Debug|x64 = Debug|x64
		Debug|x86 = Debug|x86
		Release|x64 = Release|x64
		Release|x86 = Release|x86
	EndGlobalSection
	GlobalSection(ProjectConfigurationPlatforms) = postSolution
		{8A5249A1-005A-4D01-B4B4-FD0CA3F7328C}.Debug|x64.ActiveCfg = Debug|x64
		{8A5249A1-005A-4D01-B4B4-FD0CA3F7328C}.Debug|x64.Build.0 = Debug|x64
		{8A5249A1-005A-4D01-B4B4-FD0CA3F7328C}.Debug|x86.ActiveCfg = Debug|Win32
		{8A5249A1-005A-4D01-B4B4-FD0CA3F7328C}.Debug|x86.Build.0 = Debug|Win32
		{8A5249A1-005A-4D01-B4B4-FD0CA3F7328C}.Release|x64.ActiveCfg = Release|x64
		{8A5249A1-005A-4D01-B4B4-FD0CA3F7328C}.Release|x64.Build.0 = Release|x64
		{8A5249A1-005A-4D01-B4B4-FD0CA3F7328C}.Release|x86.ActiveCfg = Release|Win32
		{8A5249A1-005A-4D01-B4B4-FD0CA3F7328C}.Release|x86.Build.0 = Release|Win32
	EndGlobalSection
	GlobalSection(SolutionProperties) = preSolution
		HideSolutionNode = FALSE
	EndGlobalSection
	GlobalSection(ExtensibilityGlobals) = postSolution
		SolutionGuid = {5975D4C8-A899-42FD-81A1-1B81F907CDB1}
	EndGlobalSection
EndGlobal
