
Microsoft Visual Studio Solution File, Format Version 12.00
# Visual Studio Version 17
VisualStudioVersion = 17.3.32804.467
MinimumVisualStudioVersion = 10.0.40219.1
Project("{8BC9CEB8-8B4A-11D0-8D11-00A0C91BC942}") = "ConsoleApplication2", "ConsoleApplication2\ConsoleApplication2.vcxproj", "{37EFC84F-17EE-4BE9-B9EF-7D10BF29FFA8}"
EndProject
Global
	GlobalSection(SolutionConfigurationPlatforms) = preSolution
		Debug|x64 = Debug|x64
		Debug|x86 = Debug|x86
		Release|x64 = Release|x64
		Release|x86 = Release|x86
	EndGlobalSection
	GlobalSection(ProjectConfigurationPlatforms) = postSolution
		{37EFC84F-17EE-4BE9-B9EF-7D10BF29FFA8}.Debug|x64.ActiveCfg = Debug|x64
		{37EFC84F-17EE-4BE9-B9EF-7D10BF29FFA8}.Debug|x64.Build.0 = Debug|x64
		{37EFC84F-17EE-4BE9-B9EF-7D10BF29FFA8}.Debug|x86.ActiveCfg = Debug|Win32
		{37EFC84F-17EE-4BE9-B9EF-7D10BF29FFA8}.Debug|x86.Build.0 = Debug|Win32
		{37EFC84F-17EE-4BE9-B9EF-7D10BF29FFA8}.Release|x64.ActiveCfg = Release|x64
		{37EFC84F-17EE-4BE9-B9EF-7D10BF29FFA8}.Release|x64.Build.0 = Release|x64
		{37EFC84F-17EE-4BE9-B9EF-7D10BF29FFA8}.Release|x86.ActiveCfg = Release|Win32
		{37EFC84F-17EE-4BE9-B9EF-7D10BF29FFA8}.Release|x86.Build.0 = Release|Win32
	EndGlobalSection
	GlobalSection(SolutionProperties) = preSolution
		HideSolutionNode = FALSE
	EndGlobalSection
	GlobalSection(ExtensibilityGlobals) = postSolution
		SolutionGuid = {68B82FE9-F12A-4F64-86C2-D7E3B40F44B1}
	EndGlobalSection
EndGlobal
