
Microsoft Visual Studio Solution File, Format Version 12.00
# Visual Studio Version 17
VisualStudioVersion = 17.3.32804.467
MinimumVisualStudioVersion = 10.0.40219.1
Project("{8BC9CEB8-8B4A-11D0-8D11-00A0C91BC942}") = "sort+search", "sort+search.vcxproj", "{A026AB06-ED56-47FE-8EC9-749E17CCEC89}"
EndProject
Global
	GlobalSection(SolutionConfigurationPlatforms) = preSolution
		Debug|x64 = Debug|x64
		Debug|x86 = Debug|x86
		Release|x64 = Release|x64
		Release|x86 = Release|x86
	EndGlobalSection
	GlobalSection(ProjectConfigurationPlatforms) = postSolution
		{A026AB06-ED56-47FE-8EC9-749E17CCEC89}.Debug|x64.ActiveCfg = Debug|x64
		{A026AB06-ED56-47FE-8EC9-749E17CCEC89}.Debug|x64.Build.0 = Debug|x64
		{A026AB06-ED56-47FE-8EC9-749E17CCEC89}.Debug|x86.ActiveCfg = Debug|Win32
		{A026AB06-ED56-47FE-8EC9-749E17CCEC89}.Debug|x86.Build.0 = Debug|Win32
		{A026AB06-ED56-47FE-8EC9-749E17CCEC89}.Release|x64.ActiveCfg = Release|x64
		{A026AB06-ED56-47FE-8EC9-749E17CCEC89}.Release|x64.Build.0 = Release|x64
		{A026AB06-ED56-47FE-8EC9-749E17CCEC89}.Release|x86.ActiveCfg = Release|Win32
		{A026AB06-ED56-47FE-8EC9-749E17CCEC89}.Release|x86.Build.0 = Release|Win32
	EndGlobalSection
	GlobalSection(SolutionProperties) = preSolution
		HideSolutionNode = FALSE
	EndGlobalSection
	GlobalSection(ExtensibilityGlobals) = postSolution
		SolutionGuid = {A85A602D-EFED-4CF0-960B-A021467D54A8}
	EndGlobalSection
EndGlobal
